// !$*UTF8*$!
{
	archiveVersion = 1;
	classes = {
	};
	objectVersion = 55;
	objects = {

/* Begin PBXBuildFile section */
		3BEE33E7FB26C5153EB1A8B7 /* Pods_FlixTests.framework in Frameworks */ = {isa = PBXBuildFile; fileRef = 41F63D4DDCC70AB362D37CA6 /* Pods_FlixTests.framework */; };
		48FD9718EBCE5DB2722AEB38 /* Pods_Flix.framework in Frameworks */ = {isa = PBXBuildFile; fileRef = CBAC9197BAA5B23849FECD18 /* Pods_Flix.framework */; };
		714C0E5FFD96D6CB453ADFE2 /* Pods_Flix_FlixUITests.framework in Frameworks */ = {isa = PBXBuildFile; fileRef = 8BDEFE7F73C3D37CDC72A780 /* Pods_Flix_FlixUITests.framework */; };
		E1D9B15128CEA5270023B390 /* AppDelegate.swift in Sources */ = {isa = PBXBuildFile; fileRef = E1D9B15028CEA5270023B390 /* AppDelegate.swift */; };
		E1D9B15328CEA5270023B390 /* SceneDelegate.swift in Sources */ = {isa = PBXBuildFile; fileRef = E1D9B15228CEA5270023B390 /* SceneDelegate.swift */; };
		E1D9B15828CEA5270023B390 /* Main.storyboard in Resources */ = {isa = PBXBuildFile; fileRef = E1D9B15628CEA5270023B390 /* Main.storyboard */; };
		E1D9B15A28CEA5290023B390 /* Assets.xcassets in Resources */ = {isa = PBXBuildFile; fileRef = E1D9B15928CEA5290023B390 /* Assets.xcassets */; };
		E1D9B15D28CEA5290023B390 /* LaunchScreen.storyboard in Resources */ = {isa = PBXBuildFile; fileRef = E1D9B15B28CEA5290023B390 /* LaunchScreen.storyboard */; };
		E1D9B16828CEA5290023B390 /* FlixTests.swift in Sources */ = {isa = PBXBuildFile; fileRef = E1D9B16728CEA5290023B390 /* FlixTests.swift */; };
		E1D9B17228CEA5290023B390 /* FlixUITests.swift in Sources */ = {isa = PBXBuildFile; fileRef = E1D9B17128CEA5290023B390 /* FlixUITests.swift */; };
		E1D9B17428CEA5290023B390 /* FlixUITestsLaunchTests.swift in Sources */ = {isa = PBXBuildFile; fileRef = E1D9B17328CEA5290023B390 /* FlixUITestsLaunchTests.swift */; };
		E1D9B18128CEB0D30023B390 /* MoviesViewController.swift in Sources */ = {isa = PBXBuildFile; fileRef = E1D9B18028CEB0D30023B390 /* MoviesViewController.swift */; };
		E1D9B18528CECFED0023B390 /* MovieCell.swift in Sources */ = {isa = PBXBuildFile; fileRef = E1D9B18428CECFED0023B390 /* MovieCell.swift */; };
		E1D9B18828CED3E60023B390 /* AlamofireImage in Frameworks */ = {isa = PBXBuildFile; productRef = E1D9B18728CED3E60023B390 /* AlamofireImage */; };
/* End PBXBuildFile section */

/* Begin PBXContainerItemProxy section */
		E1D9B16428CEA5290023B390 /* PBXContainerItemProxy */ = {
			isa = PBXContainerItemProxy;
			containerPortal = E1D9B14528CEA5270023B390 /* Project object */;
			proxyType = 1;
			remoteGlobalIDString = E1D9B14C28CEA5270023B390;
			remoteInfo = Flix;
		};
		E1D9B16E28CEA5290023B390 /* PBXContainerItemProxy */ = {
			isa = PBXContainerItemProxy;
			containerPortal = E1D9B14528CEA5270023B390 /* Project object */;
			proxyType = 1;
			remoteGlobalIDString = E1D9B14C28CEA5270023B390;
			remoteInfo = Flix;
		};
/* End PBXContainerItemProxy section */

/* Begin PBXFileReference section */
		1AC0B60F8C8199EF19F2C05C /* Pods-Flix-FlixUITests.debug.xcconfig */ = {isa = PBXFileReference; includeInIndex = 1; lastKnownFileType = text.xcconfig; name = "Pods-Flix-FlixUITests.debug.xcconfig"; path = "Target Support Files/Pods-Flix-FlixUITests/Pods-Flix-FlixUITests.debug.xcconfig"; sourceTree = "<group>"; };
		41F63D4DDCC70AB362D37CA6 /* Pods_FlixTests.framework */ = {isa = PBXFileReference; explicitFileType = wrapper.framework; includeInIndex = 0; path = Pods_FlixTests.framework; sourceTree = BUILT_PRODUCTS_DIR; };
		4E05613B69648CE31B782DD2 /* Pods-Flix-FlixUITests.release.xcconfig */ = {isa = PBXFileReference; includeInIndex = 1; lastKnownFileType = text.xcconfig; name = "Pods-Flix-FlixUITests.release.xcconfig"; path = "Target Support Files/Pods-Flix-FlixUITests/Pods-Flix-FlixUITests.release.xcconfig"; sourceTree = "<group>"; };
		860821E09B8D60E9F199A5A2 /* Pods-Flix.release.xcconfig */ = {isa = PBXFileReference; includeInIndex = 1; lastKnownFileType = text.xcconfig; name = "Pods-Flix.release.xcconfig"; path = "Target Support Files/Pods-Flix/Pods-Flix.release.xcconfig"; sourceTree = "<group>"; };
		8BDEFE7F73C3D37CDC72A780 /* Pods_Flix_FlixUITests.framework */ = {isa = PBXFileReference; explicitFileType = wrapper.framework; includeInIndex = 0; path = Pods_Flix_FlixUITests.framework; sourceTree = BUILT_PRODUCTS_DIR; };
		B15DA1CA88B36F49DE6C1619 /* Pods-FlixTests.debug.xcconfig */ = {isa = PBXFileReference; includeInIndex = 1; lastKnownFileType = text.xcconfig; name = "Pods-FlixTests.debug.xcconfig"; path = "Target Support Files/Pods-FlixTests/Pods-FlixTests.debug.xcconfig"; sourceTree = "<group>"; };
		B42A5CA9913091B9E8B46067 /* Pods-Flix.debug.xcconfig */ = {isa = PBXFileReference; includeInIndex = 1; lastKnownFileType = text.xcconfig; name = "Pods-Flix.debug.xcconfig"; path = "Target Support Files/Pods-Flix/Pods-Flix.debug.xcconfig"; sourceTree = "<group>"; };
		CBAC9197BAA5B23849FECD18 /* Pods_Flix.framework */ = {isa = PBXFileReference; explicitFileType = wrapper.framework; includeInIndex = 0; path = Pods_Flix.framework; sourceTree = BUILT_PRODUCTS_DIR; };
		DC864FDC3D7CE452E5C0F909 /* Pods-FlixTests.release.xcconfig */ = {isa = PBXFileReference; includeInIndex = 1; lastKnownFileType = text.xcconfig; name = "Pods-FlixTests.release.xcconfig"; path = "Target Support Files/Pods-FlixTests/Pods-FlixTests.release.xcconfig"; sourceTree = "<group>"; };
		E1D9B14D28CEA5270023B390 /* Flix.app */ = {isa = PBXFileReference; explicitFileType = wrapper.application; includeInIndex = 0; path = Flix.app; sourceTree = BUILT_PRODUCTS_DIR; };
		E1D9B15028CEA5270023B390 /* AppDelegate.swift */ = {isa = PBXFileReference; lastKnownFileType = sourcecode.swift; path = AppDelegate.swift; sourceTree = "<group>"; };
		E1D9B15228CEA5270023B390 /* SceneDelegate.swift */ = {isa = PBXFileReference; lastKnownFileType = sourcecode.swift; path = SceneDelegate.swift; sourceTree = "<group>"; };
		E1D9B15728CEA5270023B390 /* Base */ = {isa = PBXFileReference; lastKnownFileType = file.storyboard; name = Base; path = Base.lproj/Main.storyboard; sourceTree = "<group>"; };
		E1D9B15928CEA5290023B390 /* Assets.xcassets */ = {isa = PBXFileReference; lastKnownFileType = folder.assetcatalog; path = Assets.xcassets; sourceTree = "<group>"; };
		E1D9B15C28CEA5290023B390 /* Base */ = {isa = PBXFileReference; lastKnownFileType = file.storyboard; name = Base; path = Base.lproj/LaunchScreen.storyboard; sourceTree = "<group>"; };
		E1D9B15E28CEA5290023B390 /* Info.plist */ = {isa = PBXFileReference; lastKnownFileType = text.plist.xml; path = Info.plist; sourceTree = "<group>"; };
		E1D9B16328CEA5290023B390 /* FlixTests.xctest */ = {isa = PBXFileReference; explicitFileType = wrapper.cfbundle; includeInIndex = 0; path = FlixTests.xctest; sourceTree = BUILT_PRODUCTS_DIR; };
		E1D9B16728CEA5290023B390 /* FlixTests.swift */ = {isa = PBXFileReference; lastKnownFileType = sourcecode.swift; path = FlixTests.swift; sourceTree = "<group>"; };
		E1D9B16D28CEA5290023B390 /* FlixUITests.xctest */ = {isa = PBXFileReference; explicitFileType = wrapper.cfbundle; includeInIndex = 0; path = FlixUITests.xctest; sourceTree = BUILT_PRODUCTS_DIR; };
		E1D9B17128CEA5290023B390 /* FlixUITests.swift */ = {isa = PBXFileReference; lastKnownFileType = sourcecode.swift; path = FlixUITests.swift; sourceTree = "<group>"; };
		E1D9B17328CEA5290023B390 /* FlixUITestsLaunchTests.swift */ = {isa = PBXFileReference; lastKnownFileType = sourcecode.swift; path = FlixUITestsLaunchTests.swift; sourceTree = "<group>"; };
		E1D9B18028CEB0D30023B390 /* MoviesViewController.swift */ = {isa = PBXFileReference; lastKnownFileType = sourcecode.swift; path = MoviesViewController.swift; sourceTree = "<group>"; };
		E1D9B18428CECFED0023B390 /* MovieCell.swift */ = {isa = PBXFileReference; lastKnownFileType = sourcecode.swift; path = MovieCell.swift; sourceTree = "<group>"; };
/* End PBXFileReference section */

/* Begin PBXFrameworksBuildPhase section */
		E1D9B14A28CEA5270023B390 /* Frameworks */ = {
			isa = PBXFrameworksBuildPhase;
			buildActionMask = 2147483647;
			files = (
				E1D9B18828CED3E60023B390 /* AlamofireImage in Frameworks */,
				48FD9718EBCE5DB2722AEB38 /* Pods_Flix.framework in Frameworks */,
			);
			runOnlyForDeploymentPostprocessing = 0;
		};
		E1D9B16028CEA5290023B390 /* Frameworks */ = {
			isa = PBXFrameworksBuildPhase;
			buildActionMask = 2147483647;
			files = (
				3BEE33E7FB26C5153EB1A8B7 /* Pods_FlixTests.framework in Frameworks */,
			);
			runOnlyForDeploymentPostprocessing = 0;
		};
		E1D9B16A28CEA5290023B390 /* Frameworks */ = {
			isa = PBXFrameworksBuildPhase;
			buildActionMask = 2147483647;
			files = (
				714C0E5FFD96D6CB453ADFE2 /* Pods_Flix_FlixUITests.framework in Frameworks */,
			);
			runOnlyForDeploymentPostprocessing = 0;
		};
/* End PBXFrameworksBuildPhase section */

/* Begin PBXGroup section */
		19443E7183B76F4EF461EABB /* Frameworks */ = {
			isa = PBXGroup;
			children = (
				CBAC9197BAA5B23849FECD18 /* Pods_Flix.framework */,
				8BDEFE7F73C3D37CDC72A780 /* Pods_Flix_FlixUITests.framework */,
				41F63D4DDCC70AB362D37CA6 /* Pods_FlixTests.framework */,
			);
			name = Frameworks;
			sourceTree = "<group>";
		};
		BC9AE5C68CC2CDF59283957B /* Pods */ = {
			isa = PBXGroup;
			children = (
				B42A5CA9913091B9E8B46067 /* Pods-Flix.debug.xcconfig */,
				860821E09B8D60E9F199A5A2 /* Pods-Flix.release.xcconfig */,
				1AC0B60F8C8199EF19F2C05C /* Pods-Flix-FlixUITests.debug.xcconfig */,
				4E05613B69648CE31B782DD2 /* Pods-Flix-FlixUITests.release.xcconfig */,
				B15DA1CA88B36F49DE6C1619 /* Pods-FlixTests.debug.xcconfig */,
				DC864FDC3D7CE452E5C0F909 /* Pods-FlixTests.release.xcconfig */,
			);
			name = Pods;
			path = Pods;
			sourceTree = "<group>";
		};
		E1D9B14428CEA5270023B390 = {
			isa = PBXGroup;
			children = (
				E1D9B14F28CEA5270023B390 /* Flix */,
				E1D9B16628CEA5290023B390 /* FlixTests */,
				E1D9B17028CEA5290023B390 /* FlixUITests */,
				E1D9B14E28CEA5270023B390 /* Products */,
				BC9AE5C68CC2CDF59283957B /* Pods */,
				19443E7183B76F4EF461EABB /* Frameworks */,
			);
			sourceTree = "<group>";
		};
		E1D9B14E28CEA5270023B390 /* Products */ = {
			isa = PBXGroup;
			children = (
				E1D9B14D28CEA5270023B390 /* Flix.app */,
				E1D9B16328CEA5290023B390 /* FlixTests.xctest */,
				E1D9B16D28CEA5290023B390 /* FlixUITests.xctest */,
			);
			name = Products;
			sourceTree = "<group>";
		};
		E1D9B14F28CEA5270023B390 /* Flix */ = {
			isa = PBXGroup;
			children = (
				E1D9B15028CEA5270023B390 /* AppDelegate.swift */,
				E1D9B15228CEA5270023B390 /* SceneDelegate.swift */,
				E1D9B15628CEA5270023B390 /* Main.storyboard */,
				E1D9B18028CEB0D30023B390 /* MoviesViewController.swift */,
				E1D9B15928CEA5290023B390 /* Assets.xcassets */,
				E1D9B15B28CEA5290023B390 /* LaunchScreen.storyboard */,
				E1D9B15E28CEA5290023B390 /* Info.plist */,
				E1D9B18428CECFED0023B390 /* MovieCell.swift */,
			);
			path = Flix;
			sourceTree = "<group>";
		};
		E1D9B16628CEA5290023B390 /* FlixTests */ = {
			isa = PBXGroup;
			children = (
				E1D9B16728CEA5290023B390 /* FlixTests.swift */,
			);
			path = FlixTests;
			sourceTree = "<group>";
		};
		E1D9B17028CEA5290023B390 /* FlixUITests */ = {
			isa = PBXGroup;
			children = (
				E1D9B17128CEA5290023B390 /* FlixUITests.swift */,
				E1D9B17328CEA5290023B390 /* FlixUITestsLaunchTests.swift */,
			);
			path = FlixUITests;
			sourceTree = "<group>";
		};
/* End PBXGroup section */

/* Begin PBXNativeTarget section */
		E1D9B14C28CEA5270023B390 /* Flix */ = {
			isa = PBXNativeTarget;
			buildConfigurationList = E1D9B17728CEA5290023B390 /* Build configuration list for PBXNativeTarget "Flix" */;
			buildPhases = (
				1432307067A7918E39696F04 /* [CP] Check Pods Manifest.lock */,
				E1D9B14928CEA5270023B390 /* Sources */,
				E1D9B14A28CEA5270023B390 /* Frameworks */,
				E1D9B14B28CEA5270023B390 /* Resources */,
				84601DCFB1235384B2145F91 /* [CP] Embed Pods Frameworks */,
			);
			buildRules = (
			);
			dependencies = (
			);
			name = Flix;
			packageProductDependencies = (
				E1D9B18728CED3E60023B390 /* AlamofireImage */,
			);
			productName = Flix;
			productReference = E1D9B14D28CEA5270023B390 /* Flix.app */;
			productType = "com.apple.product-type.application";
		};
		E1D9B16228CEA5290023B390 /* FlixTests */ = {
			isa = PBXNativeTarget;
			buildConfigurationList = E1D9B17A28CEA5290023B390 /* Build configuration list for PBXNativeTarget "FlixTests" */;
			buildPhases = (
				E9FE41788AA45948359838BC /* [CP] Check Pods Manifest.lock */,
				E1D9B15F28CEA5290023B390 /* Sources */,
				E1D9B16028CEA5290023B390 /* Frameworks */,
				E1D9B16128CEA5290023B390 /* Resources */,
			);
			buildRules = (
			);
			dependencies = (
				E1D9B16528CEA5290023B390 /* PBXTargetDependency */,
			);
			name = FlixTests;
			productName = FlixTests;
			productReference = E1D9B16328CEA5290023B390 /* FlixTests.xctest */;
			productType = "com.apple.product-type.bundle.unit-test";
		};
		E1D9B16C28CEA5290023B390 /* FlixUITests */ = {
			isa = PBXNativeTarget;
			buildConfigurationList = E1D9B17D28CEA5290023B390 /* Build configuration list for PBXNativeTarget "FlixUITests" */;
			buildPhases = (
				B2C7E3EEF0B7508CF2C0F2E0 /* [CP] Check Pods Manifest.lock */,
				E1D9B16928CEA5290023B390 /* Sources */,
				E1D9B16A28CEA5290023B390 /* Frameworks */,
				E1D9B16B28CEA5290023B390 /* Resources */,
				4807EBD9CCAD1AF7B53C6FF0 /* [CP] Embed Pods Frameworks */,
			);
			buildRules = (
			);
			dependencies = (
				E1D9B16F28CEA5290023B390 /* PBXTargetDependency */,
			);
			name = FlixUITests;
			productName = FlixUITests;
			productReference = E1D9B16D28CEA5290023B390 /* FlixUITests.xctest */;
			productType = "com.apple.product-type.bundle.ui-testing";
		};
/* End PBXNativeTarget section */

/* Begin PBXProject section */
		E1D9B14528CEA5270023B390 /* Project object */ = {
			isa = PBXProject;
			attributes = {
				BuildIndependentTargetsInParallel = 1;
				LastSwiftUpdateCheck = 1340;
				LastUpgradeCheck = 1340;
				TargetAttributes = {
					E1D9B14C28CEA5270023B390 = {
						CreatedOnToolsVersion = 13.4.1;
					};
					E1D9B16228CEA5290023B390 = {
						CreatedOnToolsVersion = 13.4.1;
						TestTargetID = E1D9B14C28CEA5270023B390;
					};
					E1D9B16C28CEA5290023B390 = {
						CreatedOnToolsVersion = 13.4.1;
						TestTargetID = E1D9B14C28CEA5270023B390;
					};
				};
			};
			buildConfigurationList = E1D9B14828CEA5270023B390 /* Build configuration list for PBXProject "Flix" */;
			compatibilityVersion = "Xcode 13.0";
			developmentRegion = en;
			hasScannedForEncodings = 0;
			knownRegions = (
				en,
				Base,
			);
			mainGroup = E1D9B14428CEA5270023B390;
			packageReferences = (
				E1D9B18628CED3E60023B390 /* XCRemoteSwiftPackageReference "AlamofireImage" */,
			);
			productRefGroup = E1D9B14E28CEA5270023B390 /* Products */;
			projectDirPath = "";
			projectRoot = "";
			targets = (
				E1D9B14C28CEA5270023B390 /* Flix */,
				E1D9B16228CEA5290023B390 /* FlixTests */,
				E1D9B16C28CEA5290023B390 /* FlixUITests */,
			);
		};
/* End PBXProject section */

/* Begin PBXResourcesBuildPhase section */
		E1D9B14B28CEA5270023B390 /* Resources */ = {
			isa = PBXResourcesBuildPhase;
			buildActionMask = 2147483647;
			files = (
				E1D9B15D28CEA5290023B390 /* LaunchScreen.storyboard in Resources */,
				E1D9B15A28CEA5290023B390 /* Assets.xcassets in Resources */,
				E1D9B15828CEA5270023B390 /* Main.storyboard in Resources */,
			);
			runOnlyForDeploymentPostprocessing = 0;
		};
		E1D9B16128CEA5290023B390 /* Resources */ = {
			isa = PBXResourcesBuildPhase;
			buildActionMask = 2147483647;
			files = (
			);
			runOnlyForDeploymentPostprocessing = 0;
		};
		E1D9B16B28CEA5290023B390 /* Resources */ = {
			isa = PBXResourcesBuildPhase;
			buildActionMask = 2147483647;
			files = (
			);
			runOnlyForDeploymentPostprocessing = 0;
		};
/* End PBXResourcesBuildPhase section */

/* Begin PBXShellScriptBuildPhase section */
		1432307067A7918E39696F04 /* [CP] Check Pods Manifest.lock */ = {
			isa = PBXShellScriptBuildPhase;
			buildActionMask = 2147483647;
			files = (
			);
			inputFileListPaths = (
			);
			inputPaths = (
				"${PODS_PODFILE_DIR_PATH}/Podfile.lock",
				"${PODS_ROOT}/Manifest.lock",
			);
			name = "[CP] Check Pods Manifest.lock";
			outputFileListPaths = (
			);
			outputPaths = (
				"$(DERIVED_FILE_DIR)/Pods-Flix-checkManifestLockResult.txt",
			);
			runOnlyForDeploymentPostprocessing = 0;
			shellPath = /bin/sh;
			shellScript = "diff \"${PODS_PODFILE_DIR_PATH}/Podfile.lock\" \"${PODS_ROOT}/Manifest.lock\" > /dev/null\nif [ $? != 0 ] ; then\n    # print error to STDERR\n    echo \"error: The sandbox is not in sync with the Podfile.lock. Run 'pod install' or update your CocoaPods installation.\" >&2\n    exit 1\nfi\n# This output is used by Xcode 'outputs' to avoid re-running this script phase.\necho \"SUCCESS\" > \"${SCRIPT_OUTPUT_FILE_0}\"\n";
			showEnvVarsInLog = 0;
		};
		4807EBD9CCAD1AF7B53C6FF0 /* [CP] Embed Pods Frameworks */ = {
			isa = PBXShellScriptBuildPhase;
			buildActionMask = 2147483647;
			files = (
			);
			inputFileListPaths = (
				"${PODS_ROOT}/Target Support Files/Pods-Flix-FlixUITests/Pods-Flix-FlixUITests-frameworks-${CONFIGURATION}-input-files.xcfilelist",
			);
			name = "[CP] Embed Pods Frameworks";
			outputFileListPaths = (
				"${PODS_ROOT}/Target Support Files/Pods-Flix-FlixUITests/Pods-Flix-FlixUITests-frameworks-${CONFIGURATION}-output-files.xcfilelist",
			);
			runOnlyForDeploymentPostprocessing = 0;
			shellPath = /bin/sh;
			shellScript = "\"${PODS_ROOT}/Target Support Files/Pods-Flix-FlixUITests/Pods-Flix-FlixUITests-frameworks.sh\"\n";
			showEnvVarsInLog = 0;
		};
		84601DCFB1235384B2145F91 /* [CP] Embed Pods Frameworks */ = {
			isa = PBXShellScriptBuildPhase;
			buildActionMask = 2147483647;
			files = (
			);
			inputFileListPaths = (
				"${PODS_ROOT}/Target Support Files/Pods-Flix/Pods-Flix-frameworks-${CONFIGURATION}-input-files.xcfilelist",
			);
			name = "[CP] Embed Pods Frameworks";
			outputFileListPaths = (
				"${PODS_ROOT}/Target Support Files/Pods-Flix/Pods-Flix-frameworks-${CONFIGURATION}-output-files.xcfilelist",
			);
			runOnlyForDeploymentPostprocessing = 0;
			shellPath = /bin/sh;
			shellScript = "\"${PODS_ROOT}/Target Support Files/Pods-Flix/Pods-Flix-frameworks.sh\"\n";
			showEnvVarsInLog = 0;
		};
		B2C7E3EEF0B7508CF2C0F2E0 /* [CP] Check Pods Manifest.lock */ = {
			isa = PBXShellScriptBuildPhase;
			buildActionMask = 2147483647;
			files = (
			);
			inputFileListPaths = (
			);
			inputPaths = (
				"${PODS_PODFILE_DIR_PATH}/Podfile.lock",
				"${PODS_ROOT}/Manifest.lock",
			);
			name = "[CP] Check Pods Manifest.lock";
			outputFileListPaths = (
			);
			outputPaths = (
				"$(DERIVED_FILE_DIR)/Pods-Flix-FlixUITests-checkManifestLockResult.txt",
			);
			runOnlyForDeploymentPostprocessing = 0;
			shellPath = /bin/sh;
			shellScript = "diff \"${PODS_PODFILE_DIR_PATH}/Podfile.lock\" \"${PODS_ROOT}/Manifest.lock\" > /dev/null\nif [ $? != 0 ] ; then\n    # print error to STDERR\n    echo \"error: The sandbox is not in sync with the Podfile.lock. Run 'pod install' or update your CocoaPods installation.\" >&2\n    exit 1\nfi\n# This output is used by Xcode 'outputs' to avoid re-running this script phase.\necho \"SUCCESS\" > \"${SCRIPT_OUTPUT_FILE_0}\"\n";
			showEnvVarsInLog = 0;
		};
		E9FE41788AA45948359838BC /* [CP] Check Pods Manifest.lock */ = {
			isa = PBXShellScriptBuildPhase;
			buildActionMask = 2147483647;
			files = (
			);
			inputFileListPaths = (
			);
			inputPaths = (
				"${PODS_PODFILE_DIR_PATH}/Podfile.lock",
				"${PODS_ROOT}/Manifest.lock",
			);
			name = "[CP] Check Pods Manifest.lock";
			outputFileListPaths = (
			);
			outputPaths = (
				"$(DERIVED_FILE_DIR)/Pods-FlixTests-checkManifestLockResult.txt",
			);
			runOnlyForDeploymentPostprocessing = 0;
			shellPath = /bin/sh;
			shellScript = "diff \"${PODS_PODFILE_DIR_PATH}/Podfile.lock\" \"${PODS_ROOT}/Manifest.lock\" > /dev/null\nif [ $? != 0 ] ; then\n    # print error to STDERR\n    echo \"error: The sandbox is not in sync with the Podfile.lock. Run 'pod install' or update your CocoaPods installation.\" >&2\n    exit 1\nfi\n# This output is used by Xcode 'outputs' to avoid re-running this script phase.\necho \"SUCCESS\" > \"${SCRIPT_OUTPUT_FILE_0}\"\n";
			showEnvVarsInLog = 0;
		};
/* End PBXShellScriptBuildPhase section */

/* Begin PBXSourcesBuildPhase section */
		E1D9B14928CEA5270023B390 /* Sources */ = {
			isa = PBXSourcesBuildPhase;
			buildActionMask = 2147483647;
			files = (
				E1D9B15128CEA5270023B390 /* AppDelegate.swift in Sources */,
				E1D9B15328CEA5270023B390 /* SceneDelegate.swift in Sources */,
				E1D9B18528CECFED0023B390 /* MovieCell.swift in Sources */,
				E1D9B18128CEB0D30023B390 /* MoviesViewController.swift in Sources */,
			);
			runOnlyForDeploymentPostprocessing = 0;
		};
		E1D9B15F28CEA5290023B390 /* Sources */ = {
			isa = PBXSourcesBuildPhase;
			buildActionMask = 2147483647;
			files = (
				E1D9B16828CEA5290023B390 /* FlixTests.swift in Sources */,
			);
			runOnlyForDeploymentPostprocessing = 0;
		};
		E1D9B16928CEA5290023B390 /* Sources */ = {
			isa = PBXSourcesBuildPhase;
			buildActionMask = 2147483647;
			files = (
				E1D9B17228CEA5290023B390 /* FlixUITests.swift in Sources */,
				E1D9B17428CEA5290023B390 /* FlixUITestsLaunchTests.swift in Sources */,
			);
			runOnlyForDeploymentPostprocessing = 0;
		};
/* End PBXSourcesBuildPhase section */

/* Begin PBXTargetDependency section */
		E1D9B16528CEA5290023B390 /* PBXTargetDependency */ = {
			isa = PBXTargetDependency;
			target = E1D9B14C28CEA5270023B390 /* Flix */;
			targetProxy = E1D9B16428CEA5290023B390 /* PBXContainerItemProxy */;
		};
		E1D9B16F28CEA5290023B390 /* PBXTargetDependency */ = {
			isa = PBXTargetDependency;
			target = E1D9B14C28CEA5270023B390 /* Flix */;
			targetProxy = E1D9B16E28CEA5290023B390 /* PBXContainerItemProxy */;
		};
/* End PBXTargetDependency section */

/* Begin PBXVariantGroup section */
		E1D9B15628CEA5270023B390 /* Main.storyboard */ = {
			isa = PBXVariantGroup;
			children = (
				E1D9B15728CEA5270023B390 /* Base */,
			);
			name = Main.storyboard;
			sourceTree = "<group>";
		};
		E1D9B15B28CEA5290023B390 /* LaunchScreen.storyboard */ = {
			isa = PBXVariantGroup;
			children = (
				E1D9B15C28CEA5290023B390 /* Base */,
			);
			name = LaunchScreen.storyboard;
			sourceTree = "<group>";
		};
/* End PBXVariantGroup section */

/* Begin XCBuildConfiguration section */
		E1D9B17528CEA5290023B390 /* Debug */ = {
			isa = XCBuildConfiguration;
			buildSettings = {
				ALWAYS_SEARCH_USER_PATHS = NO;
				CLANG_ANALYZER_NONNULL = YES;
				CLANG_ANALYZER_NUMBER_OBJECT_CONVERSION = YES_AGGRESSIVE;
				CLANG_CXX_LANGUAGE_STANDARD = "gnu++17";
				CLANG_ENABLE_MODULES = YES;
				CLANG_ENABLE_OBJC_ARC = YES;
				CLANG_ENABLE_OBJC_WEAK = YES;
				CLANG_WARN_BLOCK_CAPTURE_AUTORELEASING = YES;
				CLANG_WARN_BOOL_CONVERSION = YES;
				CLANG_WARN_COMMA = YES;
				CLANG_WARN_CONSTANT_CONVERSION = YES;
				CLANG_WARN_DEPRECATED_OBJC_IMPLEMENTATIONS = YES;
				CLANG_WARN_DIRECT_OBJC_ISA_USAGE = YES_ERROR;
				CLANG_WARN_DOCUMENTATION_COMMENTS = YES;
				CLANG_WARN_EMPTY_BODY = YES;
				CLANG_WARN_ENUM_CONVERSION = YES;
				CLANG_WARN_INFINITE_RECURSION = YES;
				CLANG_WARN_INT_CONVERSION = YES;
				CLANG_WARN_NON_LITERAL_NULL_CONVERSION = YES;
				CLANG_WARN_OBJC_IMPLICIT_RETAIN_SELF = YES;
				CLANG_WARN_OBJC_LITERAL_CONVERSION = YES;
				CLANG_WARN_OBJC_ROOT_CLASS = YES_ERROR;
				CLANG_WARN_QUOTED_INCLUDE_IN_FRAMEWORK_HEADER = YES;
				CLANG_WARN_RANGE_LOOP_ANALYSIS = YES;
				CLANG_WARN_STRICT_PROTOTYPES = YES;
				CLANG_WARN_SUSPICIOUS_MOVE = YES;
				CLANG_WARN_UNGUARDED_AVAILABILITY = YES_AGGRESSIVE;
				CLANG_WARN_UNREACHABLE_CODE = YES;
				CLANG_WARN__DUPLICATE_METHOD_MATCH = YES;
				COPY_PHASE_STRIP = NO;
				DEBUG_INFORMATION_FORMAT = dwarf;
				ENABLE_STRICT_OBJC_MSGSEND = YES;
				ENABLE_TESTABILITY = YES;
				GCC_C_LANGUAGE_STANDARD = gnu11;
				GCC_DYNAMIC_NO_PIC = NO;
				GCC_NO_COMMON_BLOCKS = YES;
				GCC_OPTIMIZATION_LEVEL = 0;
				GCC_PREPROCESSOR_DEFINITIONS = (
					"DEBUG=1",
					"$(inherited)",
				);
				GCC_WARN_64_TO_32_BIT_CONVERSION = YES;
				GCC_WARN_ABOUT_RETURN_TYPE = YES_ERROR;
				GCC_WARN_UNDECLARED_SELECTOR = YES;
				GCC_WARN_UNINITIALIZED_AUTOS = YES_AGGRESSIVE;
				GCC_WARN_UNUSED_FUNCTION = YES;
				GCC_WARN_UNUSED_VARIABLE = YES;
				IPHONEOS_DEPLOYMENT_TARGET = 15.5;
				MTL_ENABLE_DEBUG_INFO = INCLUDE_SOURCE;
				MTL_FAST_MATH = YES;
				ONLY_ACTIVE_ARCH = YES;
				SDKROOT = iphoneos;
				SWIFT_ACTIVE_COMPILATION_CONDITIONS = DEBUG;
				SWIFT_OPTIMIZATION_LEVEL = "-Onone";
			};
			name = Debug;
		};
		E1D9B17628CEA5290023B390 /* Release */ = {
			isa = XCBuildConfiguration;
			buildSettings = {
				ALWAYS_SEARCH_USER_PATHS = NO;
				CLANG_ANALYZER_NONNULL = YES;
				CLANG_ANALYZER_NUMBER_OBJECT_CONVERSION = YES_AGGRESSIVE;
				CLANG_CXX_LANGUAGE_STANDARD = "gnu++17";
				CLANG_ENABLE_MODULES = YES;
				CLANG_ENABLE_OBJC_ARC = YES;
				CLANG_ENABLE_OBJC_WEAK = YES;
				CLANG_WARN_BLOCK_CAPTURE_AUTORELEASING = YES;
				CLANG_WARN_BOOL_CONVERSION = YES;
				CLANG_WARN_COMMA = YES;
				CLANG_WARN_CONSTANT_CONVERSION = YES;
				CLANG_WARN_DEPRECATED_OBJC_IMPLEMENTATIONS = YES;
				CLANG_WARN_DIRECT_OBJC_ISA_USAGE = YES_ERROR;
				CLANG_WARN_DOCUMENTATION_COMMENTS = YES;
				CLANG_WARN_EMPTY_BODY = YES;
				CLANG_WARN_ENUM_CONVERSION = YES;
				CLANG_WARN_INFINITE_RECURSION = YES;
				CLANG_WARN_INT_CONVERSION = YES;
				CLANG_WARN_NON_LITERAL_NULL_CONVERSION = YES;
				CLANG_WARN_OBJC_IMPLICIT_RETAIN_SELF = YES;
				CLANG_WARN_OBJC_LITERAL_CONVERSION = YES;
				CLANG_WARN_OBJC_ROOT_CLASS = YES_ERROR;
				CLANG_WARN_QUOTED_INCLUDE_IN_FRAMEWORK_HEADER = YES;
				CLANG_WARN_RANGE_LOOP_ANALYSIS = YES;
				CLANG_WARN_STRICT_PROTOTYPES = YES;
				CLANG_WARN_SUSPICIOUS_MOVE = YES;
				CLANG_WARN_UNGUARDED_AVAILABILITY = YES_AGGRESSIVE;
				CLANG_WARN_UNREACHABLE_CODE = YES;
				CLANG_WARN__DUPLICATE_METHOD_MATCH = YES;
				COPY_PHASE_STRIP = NO;
				DEBUG_INFORMATION_FORMAT = "dwarf-with-dsym";
				ENABLE_NS_ASSERTIONS = NO;
				ENABLE_STRICT_OBJC_MSGSEND = YES;
				GCC_C_LANGUAGE_STANDARD = gnu11;
				GCC_NO_COMMON_BLOCKS = YES;
				GCC_WARN_64_TO_32_BIT_CONVERSION = YES;
				GCC_WARN_ABOUT_RETURN_TYPE = YES_ERROR;
				GCC_WARN_UNDECLARED_SELECTOR = YES;
				GCC_WARN_UNINITIALIZED_AUTOS = YES_AGGRESSIVE;
				GCC_WARN_UNUSED_FUNCTION = YES;
				GCC_WARN_UNUSED_VARIABLE = YES;
				IPHONEOS_DEPLOYMENT_TARGET = 15.5;
				MTL_ENABLE_DEBUG_INFO = NO;
				MTL_FAST_MATH = YES;
				SDKROOT = iphoneos;
				SWIFT_COMPILATION_MODE = wholemodule;
				SWIFT_OPTIMIZATION_LEVEL = "-O";
				VALIDATE_PRODUCT = YES;
			};
			name = Release;
		};
		E1D9B17828CEA5290023B390 /* Debug */ = {
			isa = XCBuildConfiguration;
			baseConfigurationReference = B42A5CA9913091B9E8B46067 /* Pods-Flix.debug.xcconfig */;
			buildSettings = {
				ASSETCATALOG_COMPILER_APPICON_NAME = AppIcon;
				ASSETCATALOG_COMPILER_GLOBAL_ACCENT_COLOR_NAME = AccentColor;
				CODE_SIGN_STYLE = Automatic;
				CURRENT_PROJECT_VERSION = 1;
				GENERATE_INFOPLIST_FILE = YES;
				INFOPLIST_FILE = Flix/Info.plist;
				INFOPLIST_KEY_UIApplicationSupportsIndirectInputEvents = YES;
				INFOPLIST_KEY_UILaunchStoryboardName = LaunchScreen;
				INFOPLIST_KEY_UIMainStoryboardFile = Main;
				INFOPLIST_KEY_UISupportedInterfaceOrientations_iPad = "UIInterfaceOrientationPortrait UIInterfaceOrientationPortraitUpsideDown UIInterfaceOrientationLandscapeLeft UIInterfaceOrientationLandscapeRight";
				INFOPLIST_KEY_UISupportedInterfaceOrientations_iPhone = "UIInterfaceOrientationPortrait UIInterfaceOrientationLandscapeLeft UIInterfaceOrientationLandscapeRight";
				LD_RUNPATH_SEARCH_PATHS = (
					"$(inherited)",
					"@executable_path/Frameworks",
				);
				MARKETING_VERSION = 1.0;
				PRODUCT_BUNDLE_IDENTIFIER = com.andreawhite.Flix;
				PRODUCT_NAME = "$(TARGET_NAME)";
				SWIFT_EMIT_LOC_STRINGS = YES;
				SWIFT_VERSION = 5.0;
				TARGETED_DEVICE_FAMILY = "1,2";
			};
			name = Debug;
		};
		E1D9B17928CEA5290023B390 /* Release */ = {
			isa = XCBuildConfiguration;
			baseConfigurationReference = 860821E09B8D60E9F199A5A2 /* Pods-Flix.release.xcconfig */;
			buildSettings = {
				ASSETCATALOG_COMPILER_APPICON_NAME = AppIcon;
				ASSETCATALOG_COMPILER_GLOBAL_ACCENT_COLOR_NAME = AccentColor;
				CODE_SIGN_STYLE = Automatic;
				CURRENT_PROJECT_VERSION = 1;
				GENERATE_INFOPLIST_FILE = YES;
				INFOPLIST_FILE = Flix/Info.plist;
				INFOPLIST_KEY_UIApplicationSupportsIndirectInputEvents = YES;
				INFOPLIST_KEY_UILaunchStoryboardName = LaunchScreen;
				INFOPLIST_KEY_UIMainStoryboardFile = Main;
				INFOPLIST_KEY_UISupportedInterfaceOrientations_iPad = "UIInterfaceOrientationPortrait UIInterfaceOrientationPortraitUpsideDown UIInterfaceOrientationLandscapeLeft UIInterfaceOrientationLandscapeRight";
				INFOPLIST_KEY_UISupportedInterfaceOrientations_iPhone = "UIInterfaceOrientationPortrait UIInterfaceOrientationLandscapeLeft UIInterfaceOrientationLandscapeRight";
				LD_RUNPATH_SEARCH_PATHS = (
					"$(inherited)",
					"@executable_path/Frameworks",
				);
				MARKETING_VERSION = 1.0;
				PRODUCT_BUNDLE_IDENTIFIER = com.andreawhite.Flix;
				PRODUCT_NAME = "$(TARGET_NAME)";
				SWIFT_EMIT_LOC_STRINGS = YES;
				SWIFT_VERSION = 5.0;
				TARGETED_DEVICE_FAMILY = "1,2";
			};
			name = Release;
		};
		E1D9B17B28CEA5290023B390 /* Debug */ = {
			isa = XCBuildConfiguration;
			baseConfigurationReference = B15DA1CA88B36F49DE6C1619 /* Pods-FlixTests.debug.xcconfig */;
			buildSettings = {
				ALWAYS_EMBED_SWIFT_STANDARD_LIBRARIES = YES;
				BUNDLE_LOADER = "$(TEST_HOST)";
				CODE_SIGN_STYLE = Automatic;
				CURRENT_PROJECT_VERSION = 1;
				GENERATE_INFOPLIST_FILE = YES;
				IPHONEOS_DEPLOYMENT_TARGET = 15.5;
				MARKETING_VERSION = 1.0;
				PRODUCT_BUNDLE_IDENTIFIER = com.andreawhite.FlixTests;
				PRODUCT_NAME = "$(TARGET_NAME)";
				SWIFT_EMIT_LOC_STRINGS = NO;
				SWIFT_VERSION = 5.0;
				TARGETED_DEVICE_FAMILY = "1,2";
				TEST_HOST = "$(BUILT_PRODUCTS_DIR)/Flix.app/Flix";
			};
			name = Debug;
		};
		E1D9B17C28CEA5290023B390 /* Release */ = {
			isa = XCBuildConfiguration;
			baseConfigurationReference = DC864FDC3D7CE452E5C0F909 /* Pods-FlixTests.release.xcconfig */;
			buildSettings = {
				ALWAYS_EMBED_SWIFT_STANDARD_LIBRARIES = YES;
				BUNDLE_LOADER = "$(TEST_HOST)";
				CODE_SIGN_STYLE = Automatic;
				CURRENT_PROJECT_VERSION = 1;
				GENERATE_INFOPLIST_FILE = YES;
				IPHONEOS_DEPLOYMENT_TARGET = 15.5;
				MARKETING_VERSION = 1.0;
				PRODUCT_BUNDLE_IDENTIFIER = com.andreawhite.FlixTests;
				PRODUCT_NAME = "$(TARGET_NAME)";
				SWIFT_EMIT_LOC_STRINGS = NO;
				SWIFT_VERSION = 5.0;
				TARGETED_DEVICE_FAMILY = "1,2";
				TEST_HOST = "$(BUILT_PRODUCTS_DIR)/Flix.app/Flix";
			};
			name = Release;
		};
		E1D9B17E28CEA5290023B390 /* Debug */ = {
			isa = XCBuildConfiguration;
			baseConfigurationReference = 1AC0B60F8C8199EF19F2C05C /* Pods-Flix-FlixUITests.debug.xcconfig */;
			buildSettings = {
				ALWAYS_EMBED_SWIFT_STANDARD_LIBRARIES = YES;
				CODE_SIGN_STYLE = Automatic;
				CURRENT_PROJECT_VERSION = 1;
				GENERATE_INFOPLIST_FILE = YES;
				MARKETING_VERSION = 1.0;
				PRODUCT_BUNDLE_IDENTIFIER = com.andreawhite.FlixUITests;
				PRODUCT_NAME = "$(TARGET_NAME)";
				SWIFT_EMIT_LOC_STRINGS = NO;
				SWIFT_VERSION = 5.0;
				TARGETED_DEVICE_FAMILY = "1,2";
				TEST_TARGET_NAME = Flix;
			};
			name = Debug;
		};
		E1D9B17F28CEA5290023B390 /* Release */ = {
			isa = XCBuildConfiguration;
			baseConfigurationReference = 4E05613B69648CE31B782DD2 /* Pods-Flix-FlixUITests.release.xcconfig */;
			buildSettings = {
				ALWAYS_EMBED_SWIFT_STANDARD_LIBRARIES = YES;
				CODE_SIGN_STYLE = Automatic;
				CURRENT_PROJECT_VERSION = 1;
				GENERATE_INFOPLIST_FILE = YES;
				MARKETING_VERSION = 1.0;
				PRODUCT_BUNDLE_IDENTIFIER = com.andreawhite.FlixUITests;
				PRODUCT_NAME = "$(TARGET_NAME)";
				SWIFT_EMIT_LOC_STRINGS = NO;
				SWIFT_VERSION = 5.0;
				TARGETED_DEVICE_FAMILY = "1,2";
				TEST_TARGET_NAME = Flix;
			};
			name = Release;
		};
/* End XCBuildConfiguration section */

/* Begin XCConfigurationList section */
		E1D9B14828CEA5270023B390 /* Build configuration list for PBXProject "Flix" */ = {
			isa = XCConfigurationList;
			buildConfigurations = (
				E1D9B17528CEA5290023B390 /* Debug */,
				E1D9B17628CEA5290023B390 /* Release */,
			);
			defaultConfigurationIsVisible = 0;
			defaultConfigurationName = Release;
		};
		E1D9B17728CEA5290023B390 /* Build configuration list for PBXNativeTarget "Flix" */ = {
			isa = XCConfigurationList;
			buildConfigurations = (
				E1D9B17828CEA5290023B390 /* Debug */,
				E1D9B17928CEA5290023B390 /* Release */,
			);
			defaultConfigurationIsVisible = 0;
			defaultConfigurationName = Release;
		};
		E1D9B17A28CEA5290023B390 /* Build configuration list for PBXNativeTarget "FlixTests" */ = {
			isa = XCConfigurationList;
			buildConfigurations = (
				E1D9B17B28CEA5290023B390 /* Debug */,
				E1D9B17C28CEA5290023B390 /* Release */,
			);
			defaultConfigurationIsVisible = 0;
			defaultConfigurationName = Release;
		};
		E1D9B17D28CEA5290023B390 /* Build configuration list for PBXNativeTarget "FlixUITests" */ = {
			isa = XCConfigurationList;
			buildConfigurations = (
				E1D9B17E28CEA5290023B390 /* Debug */,
				E1D9B17F28CEA5290023B390 /* Release */,
			);
			defaultConfigurationIsVisible = 0;
			defaultConfigurationName = Release;
		};
/* End XCConfigurationList section */

/* Begin XCRemoteSwiftPackageReference section */
		E1D9B18628CED3E60023B390 /* XCRemoteSwiftPackageReference "AlamofireImage" */ = {
			isa = XCRemoteSwiftPackageReference;
			repositoryURL = "https://github.com/Alamofire/AlamofireImage";
			requirement = {
				kind = upToNextMajorVersion;
				minimumVersion = 4.0.0;
			};
		};
/* End XCRemoteSwiftPackageReference section */

/* Begin XCSwiftPackageProductDependency section */
		E1D9B18728CED3E60023B390 /* AlamofireImage */ = {
			isa = XCSwiftPackageProductDependency;
			package = E1D9B18628CED3E60023B390 /* XCRemoteSwiftPackageReference "AlamofireImage" */;
			productName = AlamofireImage;
		};
/* End XCSwiftPackageProductDependency section */
	};
	rootObject = E1D9B14528CEA5270023B390 /* Project object */;
}
